// !$*UTF8*$!
{
	archiveVersion = 1;
	classes = {
	};
	objectVersion = 52;
	objects = {

/* Begin PBXBuildFile section */
		0000CD8825BF980900FCF086 /* TruvService.swift in Sources */ = {isa = PBXBuildFile; fileRef = 0000CD8725BF980900FCF086 /* TruvService.swift */; };
		007BECDA25C7392E00F31019 /* EmploymentView.swift in Sources */ = {isa = PBXBuildFile; fileRef = 007BECD925C7392E00F31019 /* EmploymentView.swift */; };
		007BECE725C7821B00F31019 /* IncomeView.swift in Sources */ = {isa = PBXBuildFile; fileRef = 007BECE625C7821B00F31019 /* IncomeView.swift */; };
		07598117286A244200E93CD4 /* TruvSDK in Frameworks */ = {isa = PBXBuildFile; productRef = 07598116286A244200E93CD4 /* TruvSDK */; };
		0762F9E8286A0BF200B0DFDB /* Constants.swift in Sources */ = {isa = PBXBuildFile; fileRef = 0762F9E7286A0BF200B0DFDB /* Constants.swift */; };
		3A2E865325ADBAC6000D93BA /* AppDelegate.swift in Sources */ = {isa = PBXBuildFile; fileRef = 3A2E865225ADBAC6000D93BA /* AppDelegate.swift */; };
		3A2E865925ADBACA000D93BA /* Assets.xcassets in Resources */ = {isa = PBXBuildFile; fileRef = 3A2E865825ADBACA000D93BA /* Assets.xcassets */; };
		3A2E865C25ADBACA000D93BA /* Preview Assets.xcassets in Resources */ = {isa = PBXBuildFile; fileRef = 3A2E865B25ADBACA000D93BA /* Preview Assets.xcassets */; };
		3A2E868A25ADBB22000D93BA /* ViewController.swift in Sources */ = {isa = PBXBuildFile; fileRef = 3A2E868825ADBB21000D93BA /* ViewController.swift */; };
/* End PBXBuildFile section */

/* Begin PBXFileReference section */
		0000CD8725BF980900FCF086 /* TruvService.swift */ = {isa = PBXFileReference; lastKnownFileType = sourcecode.swift; path = TruvService.swift; sourceTree = "<group>"; };
		007BECD925C7392E00F31019 /* EmploymentView.swift */ = {isa = PBXFileReference; lastKnownFileType = sourcecode.swift; path = EmploymentView.swift; sourceTree = "<group>"; };
		007BECE625C7821B00F31019 /* IncomeView.swift */ = {isa = PBXFileReference; lastKnownFileType = sourcecode.swift; path = IncomeView.swift; sourceTree = "<group>"; };
		0762F9E5286A098300B0DFDB /* Info.plist */ = {isa = PBXFileReference; fileEncoding = 4; lastKnownFileType = text.plist.xml; path = Info.plist; sourceTree = "<group>"; };
		0762F9E7286A0BF200B0DFDB /* Constants.swift */ = {isa = PBXFileReference; lastKnownFileType = sourcecode.swift; path = Constants.swift; sourceTree = "<group>"; };
		3A2E864F25ADBAC6000D93BA /* truv-quickstart.app */ = {isa = PBXFileReference; explicitFileType = wrapper.application; includeInIndex = 0; path = "truv-quickstart.app"; sourceTree = BUILT_PRODUCTS_DIR; };
		3A2E865225ADBAC6000D93BA /* AppDelegate.swift */ = {isa = PBXFileReference; lastKnownFileType = sourcecode.swift; path = AppDelegate.swift; sourceTree = "<group>"; };
		3A2E865825ADBACA000D93BA /* Assets.xcassets */ = {isa = PBXFileReference; lastKnownFileType = folder.assetcatalog; path = Assets.xcassets; sourceTree = "<group>"; };
		3A2E865B25ADBACA000D93BA /* Preview Assets.xcassets */ = {isa = PBXFileReference; lastKnownFileType = folder.assetcatalog; path = "Preview Assets.xcassets"; sourceTree = "<group>"; };
		3A2E868825ADBB21000D93BA /* ViewController.swift */ = {isa = PBXFileReference; fileEncoding = 4; lastKnownFileType = sourcecode.swift; path = ViewController.swift; sourceTree = "<group>"; };
/* End PBXFileReference section */

/* Begin PBXFrameworksBuildPhase section */
		3A2E864C25ADBAC6000D93BA /* Frameworks */ = {
			isa = PBXFrameworksBuildPhase;
			buildActionMask = 2147483647;
			files = (
				07598117286A244200E93CD4 /* TruvSDK in Frameworks */,
			);
			runOnlyForDeploymentPostprocessing = 0;
		};
/* End PBXFrameworksBuildPhase section */

/* Begin PBXGroup section */
		0762F9EC286A14C200B0DFDB /* Frameworks */ = {
			isa = PBXGroup;
			children = (
			);
			name = Frameworks;
			sourceTree = "<group>";
		};
		3A2E864625ADBAC6000D93BA = {
			isa = PBXGroup;
			children = (
				3A2E865125ADBAC6000D93BA /* truv-quickstart */,
				3A2E865025ADBAC6000D93BA /* Products */,
				0762F9EC286A14C200B0DFDB /* Frameworks */,
			);
			sourceTree = "<group>";
		};
		3A2E865025ADBAC6000D93BA /* Products */ = {
			isa = PBXGroup;
			children = (
				3A2E864F25ADBAC6000D93BA /* truv-quickstart.app */,
			);
			name = Products;
			sourceTree = "<group>";
		};
		3A2E865125ADBAC6000D93BA /* truv-quickstart */ = {
			isa = PBXGroup;
			children = (
				0762F9E5286A098300B0DFDB /* Info.plist */,
				3A2E868825ADBB21000D93BA /* ViewController.swift */,
				3A2E865225ADBAC6000D93BA /* AppDelegate.swift */,
				3A2E865825ADBACA000D93BA /* Assets.xcassets */,
				3A2E865A25ADBACA000D93BA /* Preview Content */,
				0000CD8725BF980900FCF086 /* TruvService.swift */,
				007BECD925C7392E00F31019 /* EmploymentView.swift */,
				007BECE625C7821B00F31019 /* IncomeView.swift */,
				0762F9E7286A0BF200B0DFDB /* Constants.swift */,
			);
			path = "truv-quickstart";
			sourceTree = "<group>";
		};
		3A2E865A25ADBACA000D93BA /* Preview Content */ = {
			isa = PBXGroup;
			children = (
				3A2E865B25ADBACA000D93BA /* Preview Assets.xcassets */,
			);
			path = "Preview Content";
			sourceTree = "<group>";
		};
/* End PBXGroup section */

/* Begin PBXNativeTarget section */
		3A2E864E25ADBAC6000D93BA /* truv-quickstart */ = {
			isa = PBXNativeTarget;
			buildConfigurationList = 3A2E867925ADBACB000D93BA /* Build configuration list for PBXNativeTarget "truv-quickstart" */;
			buildPhases = (
				3A2E864B25ADBAC6000D93BA /* Sources */,
				3A2E864C25ADBAC6000D93BA /* Frameworks */,
				3A2E864D25ADBAC6000D93BA /* Resources */,
			);
			buildRules = (
			);
			dependencies = (
			);
			name = "truv-quickstart";
			packageProductDependencies = (
				07598116286A244200E93CD4 /* TruvSDK */,
			);
			productName = "truv-quickstart";
			productReference = 3A2E864F25ADBAC6000D93BA /* truv-quickstart.app */;
			productType = "com.apple.product-type.application";
		};
/* End PBXNativeTarget section */

/* Begin PBXProject section */
		3A2E864725ADBAC6000D93BA /* Project object */ = {
			isa = PBXProject;
			attributes = {
				LastSwiftUpdateCheck = 1230;
				LastUpgradeCheck = 1230;
				TargetAttributes = {
					3A2E864E25ADBAC6000D93BA = {
						CreatedOnToolsVersion = 12.3;
					};
				};
			};
			buildConfigurationList = 3A2E864A25ADBAC6000D93BA /* Build configuration list for PBXProject "truv-quickstart" */;
			compatibilityVersion = "Xcode 9.3";
			developmentRegion = en;
			hasScannedForEncodings = 0;
			knownRegions = (
				en,
				Base,
			);
			mainGroup = 3A2E864625ADBAC6000D93BA;
			packageReferences = (
				07598115286A244200E93CD4 /* XCRemoteSwiftPackageReference "ios-sdk" */,
			);
			productRefGroup = 3A2E865025ADBAC6000D93BA /* Products */;
			projectDirPath = "";
			projectRoot = "";
			targets = (
				3A2E864E25ADBAC6000D93BA /* truv-quickstart */,
			);
		};
/* End PBXProject section */

/* Begin PBXResourcesBuildPhase section */
		3A2E864D25ADBAC6000D93BA /* Resources */ = {
			isa = PBXResourcesBuildPhase;
			buildActionMask = 2147483647;
			files = (
				3A2E865C25ADBACA000D93BA /* Preview Assets.xcassets in Resources */,
				3A2E865925ADBACA000D93BA /* Assets.xcassets in Resources */,
			);
			runOnlyForDeploymentPostprocessing = 0;
		};
/* End PBXResourcesBuildPhase section */

/* Begin PBXSourcesBuildPhase section */
		3A2E864B25ADBAC6000D93BA /* Sources */ = {
			isa = PBXSourcesBuildPhase;
			buildActionMask = 2147483647;
			files = (
				3A2E868A25ADBB22000D93BA /* ViewController.swift in Sources */,
				007BECE725C7821B00F31019 /* IncomeView.swift in Sources */,
				007BECDA25C7392E00F31019 /* EmploymentView.swift in Sources */,
				3A2E865325ADBAC6000D93BA /* AppDelegate.swift in Sources */,
				0000CD8825BF980900FCF086 /* TruvService.swift in Sources */,
				0762F9E8286A0BF200B0DFDB /* Constants.swift in Sources */,
			);
			runOnlyForDeploymentPostprocessing = 0;
		};
/* End PBXSourcesBuildPhase section */

/* Begin XCBuildConfiguration section */
		3A2E867725ADBACA000D93BA /* Debug */ = {
			isa = XCBuildConfiguration;
			buildSettings = {
				ALWAYS_SEARCH_USER_PATHS = NO;
				CLANG_ANALYZER_NONNULL = YES;
				CLANG_ANALYZER_NUMBER_OBJECT_CONVERSION = YES_AGGRESSIVE;
				CLANG_CXX_LANGUAGE_STANDARD = "gnu++14";
				CLANG_CXX_LIBRARY = "libc++";
				CLANG_ENABLE_MODULES = YES;
				CLANG_ENABLE_OBJC_ARC = YES;
				CLANG_ENABLE_OBJC_WEAK = YES;
				CLANG_WARN_BLOCK_CAPTURE_AUTORELEASING = YES;
				CLANG_WARN_BOOL_CONVERSION = YES;
				CLANG_WARN_COMMA = YES;
				CLANG_WARN_CONSTANT_CONVERSION = YES;
				CLANG_WARN_DEPRECATED_OBJC_IMPLEMENTATIONS = YES;
				CLANG_WARN_DIRECT_OBJC_ISA_USAGE = YES_ERROR;
				CLANG_WARN_DOCUMENTATION_COMMENTS = YES;
				CLANG_WARN_EMPTY_BODY = YES;
				CLANG_WARN_ENUM_CONVERSION = YES;
				CLANG_WARN_INFINITE_RECURSION = YES;
				CLANG_WARN_INT_CONVERSION = YES;
				CLANG_WARN_NON_LITERAL_NULL_CONVERSION = YES;
				CLANG_WARN_OBJC_IMPLICIT_RETAIN_SELF = YES;
				CLANG_WARN_OBJC_LITERAL_CONVERSION = YES;
				CLANG_WARN_OBJC_ROOT_CLASS = YES_ERROR;
				CLANG_WARN_QUOTED_INCLUDE_IN_FRAMEWORK_HEADER = YES;
				CLANG_WARN_RANGE_LOOP_ANALYSIS = YES;
				CLANG_WARN_STRICT_PROTOTYPES = YES;
				CLANG_WARN_SUSPICIOUS_MOVE = YES;
				CLANG_WARN_UNGUARDED_AVAILABILITY = YES_AGGRESSIVE;
				CLANG_WARN_UNREACHABLE_CODE = YES;
				CLANG_WARN__DUPLICATE_METHOD_MATCH = YES;
				COPY_PHASE_STRIP = NO;
				DEBUG_INFORMATION_FORMAT = dwarf;
				ENABLE_STRICT_OBJC_MSGSEND = YES;
				ENABLE_TESTABILITY = YES;
				GCC_C_LANGUAGE_STANDARD = gnu11;
				GCC_DYNAMIC_NO_PIC = NO;
				GCC_NO_COMMON_BLOCKS = YES;
				GCC_OPTIMIZATION_LEVEL = 0;
				GCC_PREPROCESSOR_DEFINITIONS = (
					"DEBUG=1",
					"$(inherited)",
				);
				GCC_WARN_64_TO_32_BIT_CONVERSION = YES;
				GCC_WARN_ABOUT_RETURN_TYPE = YES_ERROR;
				GCC_WARN_UNDECLARED_SELECTOR = YES;
				GCC_WARN_UNINITIALIZED_AUTOS = YES_AGGRESSIVE;
				GCC_WARN_UNUSED_FUNCTION = YES;
				GCC_WARN_UNUSED_VARIABLE = YES;
				IPHONEOS_DEPLOYMENT_TARGET = 14.3;
				MTL_ENABLE_DEBUG_INFO = INCLUDE_SOURCE;
				MTL_FAST_MATH = YES;
				ONLY_ACTIVE_ARCH = YES;
				SDKROOT = iphoneos;
				SWIFT_ACTIVE_COMPILATION_CONDITIONS = DEBUG;
				SWIFT_OPTIMIZATION_LEVEL = "-Onone";
			};
			name = Debug;
		};
		3A2E867825ADBACA000D93BA /* Release */ = {
			isa = XCBuildConfiguration;
			buildSettings = {
				ALWAYS_SEARCH_USER_PATHS = NO;
				CLANG_ANALYZER_NONNULL = YES;
				CLANG_ANALYZER_NUMBER_OBJECT_CONVERSION = YES_AGGRESSIVE;
				CLANG_CXX_LANGUAGE_STANDARD = "gnu++14";
				CLANG_CXX_LIBRARY = "libc++";
				CLANG_ENABLE_MODULES = YES;
				CLANG_ENABLE_OBJC_ARC = YES;
				CLANG_ENABLE_OBJC_WEAK = YES;
				CLANG_WARN_BLOCK_CAPTURE_AUTORELEASING = YES;
				CLANG_WARN_BOOL_CONVERSION = YES;
				CLANG_WARN_COMMA = YES;
				CLANG_WARN_CONSTANT_CONVERSION = YES;
				CLANG_WARN_DEPRECATED_OBJC_IMPLEMENTATIONS = YES;
				CLANG_WARN_DIRECT_OBJC_ISA_USAGE = YES_ERROR;
				CLANG_WARN_DOCUMENTATION_COMMENTS = YES;
				CLANG_WARN_EMPTY_BODY = YES;
				CLANG_WARN_ENUM_CONVERSION = YES;
				CLANG_WARN_INFINITE_RECURSION = YES;
				CLANG_WARN_INT_CONVERSION = YES;
				CLANG_WARN_NON_LITERAL_NULL_CONVERSION = YES;
				CLANG_WARN_OBJC_IMPLICIT_RETAIN_SELF = YES;
				CLANG_WARN_OBJC_LITERAL_CONVERSION = YES;
				CLANG_WARN_OBJC_ROOT_CLASS = YES_ERROR;
				CLANG_WARN_QUOTED_INCLUDE_IN_FRAMEWORK_HEADER = YES;
				CLANG_WARN_RANGE_LOOP_ANALYSIS = YES;
				CLANG_WARN_STRICT_PROTOTYPES = YES;
				CLANG_WARN_SUSPICIOUS_MOVE = YES;
				CLANG_WARN_UNGUARDED_AVAILABILITY = YES_AGGRESSIVE;
				CLANG_WARN_UNREACHABLE_CODE = YES;
				CLANG_WARN__DUPLICATE_METHOD_MATCH = YES;
				COPY_PHASE_STRIP = NO;
				DEBUG_INFORMATION_FORMAT = "dwarf-with-dsym";
				ENABLE_NS_ASSERTIONS = NO;
				ENABLE_STRICT_OBJC_MSGSEND = YES;
				GCC_C_LANGUAGE_STANDARD = gnu11;
				GCC_NO_COMMON_BLOCKS = YES;
				GCC_WARN_64_TO_32_BIT_CONVERSION = YES;
				GCC_WARN_ABOUT_RETURN_TYPE = YES_ERROR;
				GCC_WARN_UNDECLARED_SELECTOR = YES;
				GCC_WARN_UNINITIALIZED_AUTOS = YES_AGGRESSIVE;
				GCC_WARN_UNUSED_FUNCTION = YES;
				GCC_WARN_UNUSED_VARIABLE = YES;
				IPHONEOS_DEPLOYMENT_TARGET = 14.3;
				MTL_ENABLE_DEBUG_INFO = NO;
				MTL_FAST_MATH = YES;
				SDKROOT = iphoneos;
				SWIFT_COMPILATION_MODE = wholemodule;
				SWIFT_OPTIMIZATION_LEVEL = "-O";
				VALIDATE_PRODUCT = YES;
			};
			name = Release;
		};
		3A2E867A25ADBACB000D93BA /* Debug */ = {
			isa = XCBuildConfiguration;
			buildSettings = {
				ASSETCATALOG_COMPILER_APPICON_NAME = AppIcon;
				ASSETCATALOG_COMPILER_GLOBAL_ACCENT_COLOR_NAME = AccentColor;
				CODE_SIGN_STYLE = Automatic;
				DEVELOPMENT_ASSET_PATHS = "\"truv-quickstart/Preview Content\"";
				DEVELOPMENT_TEAM = "";
				ENABLE_PREVIEWS = YES;
				INFOPLIST_FILE = "truv-quickstart/Info.plist";
				LD_RUNPATH_SEARCH_PATHS = (
					"$(inherited)",
					"@executable_path/Frameworks",
				);
				PRODUCT_BUNDLE_IDENTIFIER = "Truv.truv-quickstart";
				PRODUCT_NAME = "$(TARGET_NAME)";
				SWIFT_VERSION = 5.0;
				TARGETED_DEVICE_FAMILY = "1,2";
			};
			name = Debug;
		};
		3A2E867B25ADBACB000D93BA /* Release */ = {
			isa = XCBuildConfiguration;
			buildSettings = {
				ASSETCATALOG_COMPILER_APPICON_NAME = AppIcon;
				ASSETCATALOG_COMPILER_GLOBAL_ACCENT_COLOR_NAME = AccentColor;
				CODE_SIGN_STYLE = Automatic;
				DEVELOPMENT_ASSET_PATHS = "\"truv-quickstart/Preview Content\"";
				DEVELOPMENT_TEAM = "";
				ENABLE_PREVIEWS = YES;
				INFOPLIST_FILE = "truv-quickstart/Info.plist";
				LD_RUNPATH_SEARCH_PATHS = (
					"$(inherited)",
					"@executable_path/Frameworks",
				);
				PRODUCT_BUNDLE_IDENTIFIER = "Truv.truv-quickstart";
				PRODUCT_NAME = "$(TARGET_NAME)";
				SWIFT_VERSION = 5.0;
				TARGETED_DEVICE_FAMILY = "1,2";
			};
			name = Release;
		};
/* End XCBuildConfiguration section */

/* Begin XCConfigurationList section */
		3A2E864A25ADBAC6000D93BA /* Build configuration list for PBXProject "truv-quickstart" */ = {
			isa = XCConfigurationList;
			buildConfigurations = (
				3A2E867725ADBACA000D93BA /* Debug */,
				3A2E867825ADBACA000D93BA /* Release */,
			);
			defaultConfigurationIsVisible = 0;
			defaultConfigurationName = Release;
		};
		3A2E867925ADBACB000D93BA /* Build configuration list for PBXNativeTarget "truv-quickstart" */ = {
			isa = XCConfigurationList;
			buildConfigurations = (
				3A2E867A25ADBACB000D93BA /* Debug */,
				3A2E867B25ADBACB000D93BA /* Release */,
			);
			defaultConfigurationIsVisible = 0;
			defaultConfigurationName = Release;
		};
/* End XCConfigurationList section */

/* Begin XCRemoteSwiftPackageReference section */
		07598115286A244200E93CD4 /* XCRemoteSwiftPackageReference "ios-sdk" */ = {
			isa = XCRemoteSwiftPackageReference;
			repositoryURL = "https://github.com/truvhq/ios-sdk";
			requirement = {
				branch = master;
				kind = branch;
			};
		};
/* End XCRemoteSwiftPackageReference section */

/* Begin XCSwiftPackageProductDependency section */
		07598116286A244200E93CD4 /* TruvSDK */ = {
			isa = XCSwiftPackageProductDependency;
			package = 07598115286A244200E93CD4 /* XCRemoteSwiftPackageReference "ios-sdk" */;
			productName = TruvSDK;
		};
/* End XCSwiftPackageProductDependency section */
	};
	rootObject = 3A2E864725ADBAC6000D93BA /* Project object */;
}
